
Microsoft Visual Studio Solution File, Format Version 12.00
# Visual Studio Version 16
VisualStudioVersion = 16.0.33423.256
MinimumVisualStudioVersion = 10.0.40219.1
Project("{FAE04EC0-301F-11D3-BF4B-00C04F79EFBC}") = "SaveFileNameToExcel", "SaveFileNameToExcel.csproj", "{FAE07342-0DCB-4C16-8886-E528023AF9C8}"
EndProject
Global
	GlobalSection(SolutionConfigurationPlatforms) = preSolution
		Debug|Any CPU = Debug|Any CPU
		Release|Any CPU = Release|Any CPU
	EndGlobalSection
	GlobalSection(ProjectConfigurationPlatforms) = postSolution
		{FAE07342-0DCB-4C16-8886-E528023AF9C8}.Debug|Any CPU.ActiveCfg = Debug|Any CPU
		{FAE07342-0DCB-4C16-8886-E528023AF9C8}.Debug|Any CPU.Build.0 = Debug|Any CPU
		{FAE07342-0DCB-4C16-8886-E528023AF9C8}.Release|Any CPU.ActiveCfg = Release|Any CPU
		{FAE07342-0DCB-4C16-8886-E528023AF9C8}.Release|Any CPU.Build.0 = Release|Any CPU
	EndGlobalSection
	GlobalSection(SolutionProperties) = preSolution
		HideSolutionNode = FALSE
	EndGlobalSection
	GlobalSection(ExtensibilityGlobals) = postSolution
		SolutionGuid = {4C936756-F003-428F-99F7-4B30F8EA4CFB}
	EndGlobalSection
EndGlobal
